
Microsoft Visual Studio Solution File, Format Version 12.00
# Visual Studio Version 17
VisualStudioVersion = 17.4.33213.308
MinimumVisualStudioVersion = 10.0.40219.1
Project("{FAE04EC0-301F-11D3-BF4B-00C04F79EFBC}") = "AdoNETLib", "AdoNETLib.csproj", "{28885FAC-F453-4E7B-BD90-956EE2015F7B}"
EndProject
Project("{FAE04EC0-301F-11D3-BF4B-00C04F79EFBC}") = "AdoNETModuleConsole", "..\AdoNETModuleConsole\AdoNETModuleConsole.csproj", "{22280324-21AE-4DB7-9E8F-336CD2C913D1}"
EndProject
Global
	GlobalSection(SolutionConfigurationPlatforms) = preSolution
		Debug|Any CPU = Debug|Any CPU
		Release|Any CPU = Release|Any CPU
	EndGlobalSection
	GlobalSection(ProjectConfigurationPlatforms) = postSolution
		{28885FAC-F453-4E7B-BD90-956EE2015F7B}.Debug|Any CPU.ActiveCfg = Debug|Any CPU
		{28885FAC-F453-4E7B-BD90-956EE2015F7B}.Debug|Any CPU.Build.0 = Debug|Any CPU
		{28885FAC-F453-4E7B-BD90-956EE2015F7B}.Release|Any CPU.ActiveCfg = Release|Any CPU
		{28885FAC-F453-4E7B-BD90-956EE2015F7B}.Release|Any CPU.Build.0 = Release|Any CPU
		{22280324-21AE-4DB7-9E8F-336CD2C913D1}.Debug|Any CPU.ActiveCfg = Debug|Any CPU
		{22280324-21AE-4DB7-9E8F-336CD2C913D1}.Debug|Any CPU.Build.0 = Debug|Any CPU
		{22280324-21AE-4DB7-9E8F-336CD2C913D1}.Release|Any CPU.ActiveCfg = Release|Any CPU
		{22280324-21AE-4DB7-9E8F-336CD2C913D1}.Release|Any CPU.Build.0 = Release|Any CPU
	EndGlobalSection
	GlobalSection(SolutionProperties) = preSolution
		HideSolutionNode = FALSE
	EndGlobalSection
	GlobalSection(ExtensibilityGlobals) = postSolution
		SolutionGuid = {F9BF6A9D-D8D7-4F8A-A0D7-9854F67E662A}
	EndGlobalSection
EndGlobal
